
Microsoft Visual Studio Solution File, Format Version 12.00
# Visual Studio 14
VisualStudioVersion = 14.0.25420.1
MinimumVisualStudioVersion = 10.0.40219.1
Project("{FAE04EC0-301F-11D3-BF4B-00C04F79EFBC}") = "ForeingExchangeWin.Android", "ForeingExchangeWin\ForeingExchangeWin.Android\ForeingExchangeWin.Android.csproj", "{6B7F930F-6C05-4460-A384-6A90C1C5D607}"
EndProject
Project("{FAE04EC0-301F-11D3-BF4B-00C04F79EFBC}") = "ForeingExchangeWin", "ForeingExchangeWin\ForeingExchangeWin\ForeingExchangeWin.csproj", "{D3CC632A-D386-4572-8AA9-CEC6D40EDBC7}"
EndProject
Project("{FAE04EC0-301F-11D3-BF4B-00C04F79EFBC}") = "ForeingExchangeWin.UWP", "ForeingExchangeWin\ForeingExchangeWin.UWP\ForeingExchangeWin.UWP.csproj", "{6BA80353-3839-43DC-A5E1-B64F546E451E}"
EndProject
Project("{FAE04EC0-301F-11D3-BF4B-00C04F79EFBC}") = "ForeingExchangeWin.iOS", "ForeingExchangeWin\ForeingExchangeWin.iOS\ForeingExchangeWin.iOS.csproj", "{DC1137D6-ECC8-4068-8177-EE1E45067B2D}"
EndProject
Global
	GlobalSection(SolutionConfigurationPlatforms) = preSolution
		Ad-Hoc|Any CPU = Ad-Hoc|Any CPU
		Ad-Hoc|ARM = Ad-Hoc|ARM
		Ad-Hoc|iPhone = Ad-Hoc|iPhone
		Ad-Hoc|iPhoneSimulator = Ad-Hoc|iPhoneSimulator
		Ad-Hoc|x64 = Ad-Hoc|x64
		Ad-Hoc|x86 = Ad-Hoc|x86
		AppStore|Any CPU = AppStore|Any CPU
		AppStore|ARM = AppStore|ARM
		AppStore|iPhone = AppStore|iPhone
		AppStore|iPhoneSimulator = AppStore|iPhoneSimulator
		AppStore|x64 = AppStore|x64
		AppStore|x86 = AppStore|x86
		Debug|Any CPU = Debug|Any CPU
		Debug|ARM = Debug|ARM
		Debug|iPhone = Debug|iPhone
		Debug|iPhoneSimulator = Debug|iPhoneSimulator
		Debug|x64 = Debug|x64
		Debug|x86 = Debug|x86
		Release|Any CPU = Release|Any CPU
		Release|ARM = Release|ARM
		Release|iPhone = Release|iPhone
		Release|iPhoneSimulator = Release|iPhoneSimulator
		Release|x64 = Release|x64
		Release|x86 = Release|x86
	EndGlobalSection
	GlobalSection(ProjectConfigurationPlatforms) = postSolution
		{6B7F930F-6C05-4460-A384-6A90C1C5D607}.Ad-Hoc|Any CPU.ActiveCfg = Release|Any CPU
		{6B7F930F-6C05-4460-A384-6A90C1C5D607}.Ad-Hoc|Any CPU.Build.0 = Release|Any CPU
		{6B7F930F-6C05-4460-A384-6A90C1C5D607}.Ad-Hoc|Any CPU.Deploy.0 = Release|Any CPU
		{6B7F930F-6C05-4460-A384-6A90C1C5D607}.Ad-Hoc|ARM.ActiveCfg = Release|Any CPU
		{6B7F930F-6C05-4460-A384-6A90C1C5D607}.Ad-Hoc|ARM.Build.0 = Release|Any CPU
		{6B7F930F-6C05-4460-A384-6A90C1C5D607}.Ad-Hoc|ARM.Deploy.0 = Release|Any CPU
		{6B7F930F-6C05-4460-A384-6A90C1C5D607}.Ad-Hoc|iPhone.ActiveCfg = Release|Any CPU
		{6B7F930F-6C05-4460-A384-6A90C1C5D607}.Ad-Hoc|iPhone.Build.0 = Release|Any CPU
		{6B7F930F-6C05-4460-A384-6A90C1C5D607}.Ad-Hoc|iPhone.Deploy.0 = Release|Any CPU
		{6B7F930F-6C05-4460-A384-6A90C1C5D607}.Ad-Hoc|iPhoneSimulator.ActiveCfg = Release|Any CPU
		{6B7F930F-6C05-4460-A384-6A90C1C5D607}.Ad-Hoc|iPhoneSimulator.Build.0 = Release|Any CPU
		{6B7F930F-6C05-4460-A384-6A90C1C5D607}.Ad-Hoc|iPhoneSimulator.Deploy.0 = Release|Any CPU
		{6B7F930F-6C05-4460-A384-6A90C1C5D607}.Ad-Hoc|x64.ActiveCfg = Release|Any CPU
		{6B7F930F-6C05-4460-A384-6A90C1C5D607}.Ad-Hoc|x64.Build.0 = Release|Any CPU
		{6B7F930F-6C05-4460-A384-6A90C1C5D607}.Ad-Hoc|x64.Deploy.0 = Release|Any CPU
		{6B7F930F-6C05-4460-A384-6A90C1C5D607}.Ad-Hoc|x86.ActiveCfg = Release|Any CPU
		{6B7F930F-6C05-4460-A384-6A90C1C5D607}.Ad-Hoc|x86.Build.0 = Release|Any CPU
		{6B7F930F-6C05-4460-A384-6A90C1C5D607}.Ad-Hoc|x86.Deploy.0 = Release|Any CPU
		{6B7F930F-6C05-4460-A384-6A90C1C5D607}.AppStore|Any CPU.ActiveCfg = Release|Any CPU
		{6B7F930F-6C05-4460-A384-6A90C1C5D607}.AppStore|Any CPU.Build.0 = Release|Any CPU
		{6B7F930F-6C05-4460-A384-6A90C1C5D607}.AppStore|Any CPU.Deploy.0 = Release|Any CPU
		{6B7F930F-6C05-4460-A384-6A90C1C5D607}.AppStore|ARM.ActiveCfg = Release|Any CPU
		{6B7F930F-6C05-4460-A384-6A90C1C5D607}.AppStore|ARM.Build.0 = Release|Any CPU
		{6B7F930F-6C05-4460-A384-6A90C1C5D607}.AppStore|ARM.Deploy.0 = Release|Any CPU
		{6B7F930F-6C05-4460-A384-6A90C1C5D607}.AppStore|iPhone.ActiveCfg = Release|Any CPU
		{6B7F930F-6C05-4460-A384-6A90C1C5D607}.AppStore|iPhone.Build.0 = Release|Any CPU
		{6B7F930F-6C05-4460-A384-6A90C1C5D607}.AppStore|iPhone.Deploy.0 = Release|Any CPU
		{6B7F930F-6C05-4460-A384-6A90C1C5D607}.AppStore|iPhoneSimulator.ActiveCfg = Release|Any CPU
		{6B7F930F-6C05-4460-A384-6A90C1C5D607}.AppStore|iPhoneSimulator.Build.0 = Release|Any CPU
		{6B7F930F-6C05-4460-A384-6A90C1C5D607}.AppStore|iPhoneSimulator.Deploy.0 = Release|Any CPU
		{6B7F930F-6C05-4460-A384-6A90C1C5D607}.AppStore|x64.ActiveCfg = Release|Any CPU
		{6B7F930F-6C05-4460-A384-6A90C1C5D607}.AppStore|x64.Build.0 = Release|Any CPU
		{6B7F930F-6C05-4460-A384-6A90C1C5D607}.AppStore|x64.Deploy.0 = Release|Any CPU
		{6B7F930F-6C05-4460-A384-6A90C1C5D607}.AppStore|x86.ActiveCfg = Release|Any CPU
		{6B7F930F-6C05-4460-A384-6A90C1C5D607}.AppStore|x86.Build.0 = Release|Any CPU
		{6B7F930F-6C05-4460-A384-6A90C1C5D607}.AppStore|x86.Deploy.0 = Release|Any CPU
		{6B7F930F-6C05-4460-A384-6A90C1C5D607}.Debug|Any CPU.ActiveCfg = Debug|Any CPU
		{6B7F930F-6C05-4460-A384-6A90C1C5D607}.Debug|Any CPU.Build.0 = Debug|Any CPU
		{6B7F930F-6C05-4460-A384-6A90C1C5D607}.Debug|Any CPU.Deploy.0 = Debug|Any CPU
		{6B7F930F-6C05-4460-A384-6A90C1C5D607}.Debug|ARM.ActiveCfg = Debug|Any CPU
		{6B7F930F-6C05-4460-A384-6A90C1C5D607}.Debug|ARM.Build.0 = Debug|Any CPU
		{6B7F930F-6C05-4460-A384-6A90C1C5D607}.Debug|ARM.Deploy.0 = Debug|Any CPU
		{6B7F930F-6C05-4460-A384-6A90C1C5D607}.Debug|iPhone.ActiveCfg = Debug|Any CPU
		{6B7F930F-6C05-4460-A384-6A90C1C5D607}.Debug|iPhone.Build.0 = Debug|Any CPU
		{6B7F930F-6C05-4460-A384-6A90C1C5D607}.Debug|iPhone.Deploy.0 = Debug|Any CPU
		{6B7F930F-6C05-4460-A384-6A90C1C5D607}.Debug|iPhoneSimulator.ActiveCfg = Debug|Any CPU
		{6B7F930F-6C05-4460-A384-6A90C1C5D607}.Debug|iPhoneSimulator.Build.0 = Debug|Any CPU
		{6B7F930F-6C05-4460-A384-6A90C1C5D607}.Debug|iPhoneSimulator.Deploy.0 = Debug|Any CPU
		{6B7F930F-6C05-4460-A384-6A90C1C5D607}.Debug|x64.ActiveCfg = Debug|Any CPU
		{6B7F930F-6C05-4460-A384-6A90C1C5D607}.Debug|x64.Build.0 = Debug|Any CPU
		{6B7F930F-6C05-4460-A384-6A90C1C5D607}.Debug|x64.Deploy.0 = Debug|Any CPU
		{6B7F930F-6C05-4460-A384-6A90C1C5D607}.Debug|x86.ActiveCfg = Debug|Any CPU
		{6B7F930F-6C05-4460-A384-6A90C1C5D607}.Debug|x86.Build.0 = Debug|Any CPU
		{6B7F930F-6C05-4460-A384-6A90C1C5D607}.Debug|x86.Deploy.0 = Debug|Any CPU
		{6B7F930F-6C05-4460-A384-6A90C1C5D607}.Release|Any CPU.ActiveCfg = Release|Any CPU
		{6B7F930F-6C05-4460-A384-6A90C1C5D607}.Release|Any CPU.Build.0 = Release|Any CPU
		{6B7F930F-6C05-4460-A384-6A90C1C5D607}.Release|Any CPU.Deploy.0 = Release|Any CPU
		{6B7F930F-6C05-4460-A384-6A90C1C5D607}.Release|ARM.ActiveCfg = Release|Any CPU
		{6B7F930F-6C05-4460-A384-6A90C1C5D607}.Release|ARM.Build.0 = Release|Any CPU
		{6B7F930F-6C05-4460-A384-6A90C1C5D607}.Release|ARM.Deploy.0 = Release|Any CPU
		{6B7F930F-6C05-4460-A384-6A90C1C5D607}.Release|iPhone.ActiveCfg = Release|Any CPU
		{6B7F930F-6C05-4460-A384-6A90C1C5D607}.Release|iPhone.Build.0 = Release|Any CPU
		{6B7F930F-6C05-4460-A384-6A90C1C5D607}.Release|iPhone.Deploy.0 = Release|Any CPU
		{6B7F930F-6C05-4460-A384-6A90C1C5D607}.Release|iPhoneSimulator.ActiveCfg = Release|Any CPU
		{6B7F930F-6C05-4460-A384-6A90C1C5D607}.Release|iPhoneSimulator.Build.0 = Release|Any CPU
		{6B7F930F-6C05-4460-A384-6A90C1C5D607}.Release|iPhoneSimulator.Deploy.0 = Release|Any CPU
		{6B7F930F-6C05-4460-A384-6A90C1C5D607}.Release|x64.ActiveCfg = Release|Any CPU
		{6B7F930F-6C05-4460-A384-6A90C1C5D607}.Release|x64.Build.0 = Release|Any CPU
		{6B7F930F-6C05-4460-A384-6A90C1C5D607}.Release|x64.Deploy.0 = Release|Any CPU
		{6B7F930F-6C05-4460-A384-6A90C1C5D607}.Release|x86.ActiveCfg = Release|Any CPU
		{6B7F930F-6C05-4460-A384-6A90C1C5D607}.Release|x86.Build.0 = Release|Any CPU
		{6B7F930F-6C05-4460-A384-6A90C1C5D607}.Release|x86.Deploy.0 = Release|Any CPU
		{D3CC632A-D386-4572-8AA9-CEC6D40EDBC7}.Ad-Hoc|Any CPU.ActiveCfg = Release|Any CPU
		{D3CC632A-D386-4572-8AA9-CEC6D40EDBC7}.Ad-Hoc|Any CPU.Build.0 = Release|Any CPU
		{D3CC632A-D386-4572-8AA9-CEC6D40EDBC7}.Ad-Hoc|ARM.ActiveCfg = Release|Any CPU
		{D3CC632A-D386-4572-8AA9-CEC6D40EDBC7}.Ad-Hoc|ARM.Build.0 = Release|Any CPU
		{D3CC632A-D386-4572-8AA9-CEC6D40EDBC7}.Ad-Hoc|iPhone.ActiveCfg = Release|Any CPU
		{D3CC632A-D386-4572-8AA9-CEC6D40EDBC7}.Ad-Hoc|iPhone.Build.0 = Release|Any CPU
		{D3CC632A-D386-4572-8AA9-CEC6D40EDBC7}.Ad-Hoc|iPhoneSimulator.ActiveCfg = Release|Any CPU
		{D3CC632A-D386-4572-8AA9-CEC6D40EDBC7}.Ad-Hoc|iPhoneSimulator.Build.0 = Release|Any CPU
		{D3CC632A-D386-4572-8AA9-CEC6D40EDBC7}.Ad-Hoc|x64.ActiveCfg = Release|Any CPU
		{D3CC632A-D386-4572-8AA9-CEC6D40EDBC7}.Ad-Hoc|x64.Build.0 = Release|Any CPU
		{D3CC632A-D386-4572-8AA9-CEC6D40EDBC7}.Ad-Hoc|x86.ActiveCfg = Release|Any CPU
		{D3CC632A-D386-4572-8AA9-CEC6D40EDBC7}.Ad-Hoc|x86.Build.0 = Release|Any CPU
		{D3CC632A-D386-4572-8AA9-CEC6D40EDBC7}.AppStore|Any CPU.ActiveCfg = Release|Any CPU
		{D3CC632A-D386-4572-8AA9-CEC6D40EDBC7}.AppStore|Any CPU.Build.0 = Release|Any CPU
		{D3CC632A-D386-4572-8AA9-CEC6D40EDBC7}.AppStore|ARM.ActiveCfg = Release|Any CPU
		{D3CC632A-D386-4572-8AA9-CEC6D40EDBC7}.AppStore|ARM.Build.0 = Release|Any CPU
		{D3CC632A-D386-4572-8AA9-CEC6D40EDBC7}.AppStore|iPhone.ActiveCfg = Release|Any CPU
		{D3CC632A-D386-4572-8AA9-CEC6D40EDBC7}.AppStore|iPhone.Build.0 = Release|Any CPU
		{D3CC632A-D386-4572-8AA9-CEC6D40EDBC7}.AppStore|iPhoneSimulator.ActiveCfg = Release|Any CPU
		{D3CC632A-D386-4572-8AA9-CEC6D40EDBC7}.AppStore|iPhoneSimulator.Build.0 = Release|Any CPU
		{D3CC632A-D386-4572-8AA9-CEC6D40EDBC7}.AppStore|x64.ActiveCfg = Release|Any CPU
		{D3CC632A-D386-4572-8AA9-CEC6D40EDBC7}.AppStore|x64.Build.0 = Release|Any CPU
		{D3CC632A-D386-4572-8AA9-CEC6D40EDBC7}.AppStore|x86.ActiveCfg = Release|Any CPU
		{D3CC632A-D386-4572-8AA9-CEC6D40EDBC7}.AppStore|x86.Build.0 = Release|Any CPU
		{D3CC632A-D386-4572-8AA9-CEC6D40EDBC7}.Debug|Any CPU.ActiveCfg = Debug|Any CPU
		{D3CC632A-D386-4572-8AA9-CEC6D40EDBC7}.Debug|Any CPU.Build.0 = Debug|Any CPU
		{D3CC632A-D386-4572-8AA9-CEC6D40EDBC7}.Debug|ARM.ActiveCfg = Debug|Any CPU
		{D3CC632A-D386-4572-8AA9-CEC6D40EDBC7}.Debug|ARM.Build.0 = Debug|Any CPU
		{D3CC632A-D386-4572-8AA9-CEC6D40EDBC7}.Debug|iPhone.ActiveCfg = Debug|Any CPU
		{D3CC632A-D386-4572-8AA9-CEC6D40EDBC7}.Debug|iPhone.Build.0 = Debug|Any CPU
		{D3CC632A-D386-4572-8AA9-CEC6D40EDBC7}.Debug|iPhoneSimulator.ActiveCfg = Debug|Any CPU
		{D3CC632A-D386-4572-8AA9-CEC6D40EDBC7}.Debug|iPhoneSimulator.Build.0 = Debug|Any CPU
		{D3CC632A-D386-4572-8AA9-CEC6D40EDBC7}.Debug|x64.ActiveCfg = Debug|Any CPU
		{D3CC632A-D386-4572-8AA9-CEC6D40EDBC7}.Debug|x64.Build.0 = Debug|Any CPU
		{D3CC632A-D386-4572-8AA9-CEC6D40EDBC7}.Debug|x86.ActiveCfg = Debug|Any CPU
		{D3CC632A-D386-4572-8AA9-CEC6D40EDBC7}.Debug|x86.Build.0 = Debug|Any CPU
		{D3CC632A-D386-4572-8AA9-CEC6D40EDBC7}.Release|Any CPU.ActiveCfg = Release|Any CPU
		{D3CC632A-D386-4572-8AA9-CEC6D40EDBC7}.Release|Any CPU.Build.0 = Release|Any CPU
		{D3CC632A-D386-4572-8AA9-CEC6D40EDBC7}.Release|ARM.ActiveCfg = Release|Any CPU
		{D3CC632A-D386-4572-8AA9-CEC6D40EDBC7}.Release|ARM.Build.0 = Release|Any CPU
		{D3CC632A-D386-4572-8AA9-CEC6D40EDBC7}.Release|iPhone.ActiveCfg = Release|Any CPU
		{D3CC632A-D386-4572-8AA9-CEC6D40EDBC7}.Release|iPhone.Build.0 = Release|Any CPU
		{D3CC632A-D386-4572-8AA9-CEC6D40EDBC7}.Release|iPhoneSimulator.ActiveCfg = Release|Any CPU
		{D3CC632A-D386-4572-8AA9-CEC6D40EDBC7}.Release|iPhoneSimulator.Build.0 = Release|Any CPU
		{D3CC632A-D386-4572-8AA9-CEC6D40EDBC7}.Release|x64.ActiveCfg = Release|Any CPU
		{D3CC632A-D386-4572-8AA9-CEC6D40EDBC7}.Release|x64.Build.0 = Release|Any CPU
		{D3CC632A-D386-4572-8AA9-CEC6D40EDBC7}.Release|x86.ActiveCfg = Release|Any CPU
		{D3CC632A-D386-4572-8AA9-CEC6D40EDBC7}.Release|x86.Build.0 = Release|Any CPU
		{6BA80353-3839-43DC-A5E1-B64F546E451E}.Ad-Hoc|Any CPU.ActiveCfg = Release|x86
		{6BA80353-3839-43DC-A5E1-B64F546E451E}.Ad-Hoc|Any CPU.Build.0 = Release|x86
		{6BA80353-3839-43DC-A5E1-B64F546E451E}.Ad-Hoc|Any CPU.Deploy.0 = Release|x86
		{6BA80353-3839-43DC-A5E1-B64F546E451E}.Ad-Hoc|ARM.ActiveCfg = Release|ARM
		{6BA80353-3839-43DC-A5E1-B64F546E451E}.Ad-Hoc|ARM.Build.0 = Release|ARM
		{6BA80353-3839-43DC-A5E1-B64F546E451E}.Ad-Hoc|ARM.Deploy.0 = Release|ARM
		{6BA80353-3839-43DC-A5E1-B64F546E451E}.Ad-Hoc|iPhone.ActiveCfg = Release|x86
		{6BA80353-3839-43DC-A5E1-B64F546E451E}.Ad-Hoc|iPhone.Build.0 = Release|x86
		{6BA80353-3839-43DC-A5E1-B64F546E451E}.Ad-Hoc|iPhone.Deploy.0 = Release|x86
		{6BA80353-3839-43DC-A5E1-B64F546E451E}.Ad-Hoc|iPhoneSimulator.ActiveCfg = Release|x86
		{6BA80353-3839-43DC-A5E1-B64F546E451E}.Ad-Hoc|iPhoneSimulator.Build.0 = Release|x86
		{6BA80353-3839-43DC-A5E1-B64F546E451E}.Ad-Hoc|iPhoneSimulator.Deploy.0 = Release|x86
		{6BA80353-3839-43DC-A5E1-B64F546E451E}.Ad-Hoc|x64.ActiveCfg = Release|x64
		{6BA80353-3839-43DC-A5E1-B64F546E451E}.Ad-Hoc|x64.Build.0 = Release|x64
		{6BA80353-3839-43DC-A5E1-B64F546E451E}.Ad-Hoc|x64.Deploy.0 = Release|x64
		{6BA80353-3839-43DC-A5E1-B64F546E451E}.Ad-Hoc|x86.ActiveCfg = Release|x86
		{6BA80353-3839-43DC-A5E1-B64F546E451E}.Ad-Hoc|x86.Build.0 = Release|x86
		{6BA80353-3839-43DC-A5E1-B64F546E451E}.Ad-Hoc|x86.Deploy.0 = Release|x86
		{6BA80353-3839-43DC-A5E1-B64F546E451E}.AppStore|Any CPU.ActiveCfg = Release|x86
		{6BA80353-3839-43DC-A5E1-B64F546E451E}.AppStore|Any CPU.Build.0 = Release|x86
		{6BA80353-3839-43DC-A5E1-B64F546E451E}.AppStore|Any CPU.Deploy.0 = Release|x86
		{6BA80353-3839-43DC-A5E1-B64F546E451E}.AppStore|ARM.ActiveCfg = Release|ARM
		{6BA80353-3839-43DC-A5E1-B64F546E451E}.AppStore|ARM.Build.0 = Release|ARM
		{6BA80353-3839-43DC-A5E1-B64F546E451E}.AppStore|ARM.Deploy.0 = Release|ARM
		{6BA80353-3839-43DC-A5E1-B64F546E451E}.AppStore|iPhone.ActiveCfg = Release|x86
		{6BA80353-3839-43DC-A5E1-B64F546E451E}.AppStore|iPhone.Build.0 = Release|x86
		{6BA80353-3839-43DC-A5E1-B64F546E451E}.AppStore|iPhone.Deploy.0 = Release|x86
		{6BA80353-3839-43DC-A5E1-B64F546E451E}.AppStore|iPhoneSimulator.ActiveCfg = Release|x86
		{6BA80353-3839-43DC-A5E1-B64F546E451E}.AppStore|iPhoneSimulator.Build.0 = Release|x86
		{6BA80353-3839-43DC-A5E1-B64F546E451E}.AppStore|iPhoneSimulator.Deploy.0 = Release|x86
		{6BA80353-3839-43DC-A5E1-B64F546E451E}.AppStore|x64.ActiveCfg = Release|x64
		{6BA80353-3839-43DC-A5E1-B64F546E451E}.AppStore|x64.Build.0 = Release|x64
		{6BA80353-3839-43DC-A5E1-B64F546E451E}.AppStore|x64.Deploy.0 = Release|x64
		{6BA80353-3839-43DC-A5E1-B64F546E451E}.AppStore|x86.ActiveCfg = Release|x86
		{6BA80353-3839-43DC-A5E1-B64F546E451E}.AppStore|x86.Build.0 = Release|x86
		{6BA80353-3839-43DC-A5E1-B64F546E451E}.AppStore|x86.Deploy.0 = Release|x86
		{6BA80353-3839-43DC-A5E1-B64F546E451E}.Debug|Any CPU.ActiveCfg = Debug|x86
		{6BA80353-3839-43DC-A5E1-B64F546E451E}.Debug|Any CPU.Build.0 = Debug|x86
		{6BA80353-3839-43DC-A5E1-B64F546E451E}.Debug|Any CPU.Deploy.0 = Debug|x86
		{6BA80353-3839-43DC-A5E1-B64F546E451E}.Debug|ARM.ActiveCfg = Debug|ARM
		{6BA80353-3839-43DC-A5E1-B64F546E451E}.Debug|ARM.Build.0 = Debug|ARM
		{6BA80353-3839-43DC-A5E1-B64F546E451E}.Debug|ARM.Deploy.0 = Debug|ARM
		{6BA80353-3839-43DC-A5E1-B64F546E451E}.Debug|iPhone.ActiveCfg = Debug|x86
		{6BA80353-3839-43DC-A5E1-B64F546E451E}.Debug|iPhoneSimulator.ActiveCfg = Debug|x86
		{6BA80353-3839-43DC-A5E1-B64F546E451E}.Debug|x64.ActiveCfg = Debug|x64
		{6BA80353-3839-43DC-A5E1-B64F546E451E}.Debug|x64.Build.0 = Debug|x64
		{6BA80353-3839-43DC-A5E1-B64F546E451E}.Debug|x64.Deploy.0 = Debug|x64
		{6BA80353-3839-43DC-A5E1-B64F546E451E}.Debug|x86.ActiveCfg = Debug|x86
		{6BA80353-3839-43DC-A5E1-B64F546E451E}.Debug|x86.Build.0 = Debug|x86
		{6BA80353-3839-43DC-A5E1-B64F546E451E}.Debug|x86.Deploy.0 = Debug|x86
		{6BA80353-3839-43DC-A5E1-B64F546E451E}.Release|Any CPU.ActiveCfg = Release|x86
		{6BA80353-3839-43DC-A5E1-B64F546E451E}.Release|ARM.ActiveCfg = Release|ARM
		{6BA80353-3839-43DC-A5E1-B64F546E451E}.Release|ARM.Build.0 = Release|ARM
		{6BA80353-3839-43DC-A5E1-B64F546E451E}.Release|ARM.Deploy.0 = Release|ARM
		{6BA80353-3839-43DC-A5E1-B64F546E451E}.Release|iPhone.ActiveCfg = Release|x86
		{6BA80353-3839-43DC-A5E1-B64F546E451E}.Release|iPhoneSimulator.ActiveCfg = Release|x86
		{6BA80353-3839-43DC-A5E1-B64F546E451E}.Release|x64.ActiveCfg = Release|x64
		{6BA80353-3839-43DC-A5E1-B64F546E451E}.Release|x64.Build.0 = Release|x64
		{6BA80353-3839-43DC-A5E1-B64F546E451E}.Release|x64.Deploy.0 = Release|x64
		{6BA80353-3839-43DC-A5E1-B64F546E451E}.Release|x86.ActiveCfg = Release|x86
		{6BA80353-3839-43DC-A5E1-B64F546E451E}.Release|x86.Build.0 = Release|x86
		{6BA80353-3839-43DC-A5E1-B64F546E451E}.Release|x86.Deploy.0 = Release|x86
		{DC1137D6-ECC8-4068-8177-EE1E45067B2D}.Ad-Hoc|Any CPU.ActiveCfg = Ad-Hoc|iPhone
		{DC1137D6-ECC8-4068-8177-EE1E45067B2D}.Ad-Hoc|ARM.ActiveCfg = Ad-Hoc|iPhone
		{DC1137D6-ECC8-4068-8177-EE1E45067B2D}.Ad-Hoc|iPhone.ActiveCfg = Ad-Hoc|iPhone
		{DC1137D6-ECC8-4068-8177-EE1E45067B2D}.Ad-Hoc|iPhone.Build.0 = Ad-Hoc|iPhone
		{DC1137D6-ECC8-4068-8177-EE1E45067B2D}.Ad-Hoc|iPhoneSimulator.ActiveCfg = Ad-Hoc|iPhoneSimulator
		{DC1137D6-ECC8-4068-8177-EE1E45067B2D}.Ad-Hoc|iPhoneSimulator.Build.0 = Ad-Hoc|iPhoneSimulator
		{DC1137D6-ECC8-4068-8177-EE1E45067B2D}.Ad-Hoc|x64.ActiveCfg = Ad-Hoc|iPhone
		{DC1137D6-ECC8-4068-8177-EE1E45067B2D}.Ad-Hoc|x86.ActiveCfg = Ad-Hoc|iPhone
		{DC1137D6-ECC8-4068-8177-EE1E45067B2D}.AppStore|Any CPU.ActiveCfg = AppStore|iPhone
		{DC1137D6-ECC8-4068-8177-EE1E45067B2D}.AppStore|ARM.ActiveCfg = AppStore|iPhone
		{DC1137D6-ECC8-4068-8177-EE1E45067B2D}.AppStore|iPhone.ActiveCfg = AppStore|iPhone
		{DC1137D6-ECC8-4068-8177-EE1E45067B2D}.AppStore|iPhone.Build.0 = AppStore|iPhone
		{DC1137D6-ECC8-4068-8177-EE1E45067B2D}.AppStore|iPhoneSimulator.ActiveCfg = AppStore|iPhoneSimulator
		{DC1137D6-ECC8-4068-8177-EE1E45067B2D}.AppStore|iPhoneSimulator.Build.0 = AppStore|iPhoneSimulator
		{DC1137D6-ECC8-4068-8177-EE1E45067B2D}.AppStore|x64.ActiveCfg = AppStore|iPhone
		{DC1137D6-ECC8-4068-8177-EE1E45067B2D}.AppStore|x86.ActiveCfg = AppStore|iPhone
		{DC1137D6-ECC8-4068-8177-EE1E45067B2D}.Debug|Any CPU.ActiveCfg = Debug|iPhone
		{DC1137D6-ECC8-4068-8177-EE1E45067B2D}.Debug|ARM.ActiveCfg = Debug|iPhone
		{DC1137D6-ECC8-4068-8177-EE1E45067B2D}.Debug|iPhone.ActiveCfg = Debug|iPhone
		{DC1137D6-ECC8-4068-8177-EE1E45067B2D}.Debug|iPhone.Build.0 = Debug|iPhone
		{DC1137D6-ECC8-4068-8177-EE1E45067B2D}.Debug|iPhoneSimulator.ActiveCfg = Debug|iPhoneSimulator
		{DC1137D6-ECC8-4068-8177-EE1E45067B2D}.Debug|iPhoneSimulator.Build.0 = Debug|iPhoneSimulator
		{DC1137D6-ECC8-4068-8177-EE1E45067B2D}.Debug|x64.ActiveCfg = Debug|iPhone
		{DC1137D6-ECC8-4068-8177-EE1E45067B2D}.Debug|x86.ActiveCfg = Debug|iPhone
		{DC1137D6-ECC8-4068-8177-EE1E45067B2D}.Release|Any CPU.ActiveCfg = Release|iPhone
		{DC1137D6-ECC8-4068-8177-EE1E45067B2D}.Release|ARM.ActiveCfg = Release|iPhone
		{DC1137D6-ECC8-4068-8177-EE1E45067B2D}.Release|iPhone.ActiveCfg = Release|iPhone
		{DC1137D6-ECC8-4068-8177-EE1E45067B2D}.Release|iPhone.Build.0 = Release|iPhone
		{DC1137D6-ECC8-4068-8177-EE1E45067B2D}.Release|iPhoneSimulator.ActiveCfg = Release|iPhoneSimulator
		{DC1137D6-ECC8-4068-8177-EE1E45067B2D}.Release|iPhoneSimulator.Build.0 = Release|iPhoneSimulator
		{DC1137D6-ECC8-4068-8177-EE1E45067B2D}.Release|x64.ActiveCfg = Release|iPhone
		{DC1137D6-ECC8-4068-8177-EE1E45067B2D}.Release|x86.ActiveCfg = Release|iPhone
	EndGlobalSection
	GlobalSection(SolutionProperties) = preSolution
		HideSolutionNode = FALSE
	EndGlobalSection
EndGlobal
